// !$*UTF8*$!
{
	archiveVersion = 1;
	classes = {
	};
	objectVersion = 56;
	objects = {

/* Begin PBXBuildFile section */
		CF80B0E0039B377157E16D4A /* Pods_SpotifyLoginSampleApp.framework in Frameworks */ = {isa = PBXBuildFile; fileRef = 33E95B062102ADA9E8EFEDF5 /* Pods_SpotifyLoginSampleApp.framework */; };
		EC7BAC3D2A10D5BE0086322B /* MainViewController.swift in Sources */ = {isa = PBXBuildFile; fileRef = EC7BAC3C2A10D5BE0086322B /* MainViewController.swift */; };
		EC7BAC3F2A10D7DC0086322B /* GoogleService-Info.plist in Resources */ = {isa = PBXBuildFile; fileRef = EC7BAC3E2A10D7DC0086322B /* GoogleService-Info.plist */; };
		ECCE61B42A10B27A00CE4BE6 /* AppDelegate.swift in Sources */ = {isa = PBXBuildFile; fileRef = ECCE61B32A10B27A00CE4BE6 /* AppDelegate.swift */; };
		ECCE61B62A10B27A00CE4BE6 /* SceneDelegate.swift in Sources */ = {isa = PBXBuildFile; fileRef = ECCE61B52A10B27A00CE4BE6 /* SceneDelegate.swift */; };
		ECCE61BB2A10B27A00CE4BE6 /* Main.storyboard in Resources */ = {isa = PBXBuildFile; fileRef = ECCE61B92A10B27A00CE4BE6 /* Main.storyboard */; };
		ECCE61BD2A10B27A00CE4BE6 /* Assets.xcassets in Resources */ = {isa = PBXBuildFile; fileRef = ECCE61BC2A10B27A00CE4BE6 /* Assets.xcassets */; };
		ECCE61C02A10B27A00CE4BE6 /* LaunchScreen.storyboard in Resources */ = {isa = PBXBuildFile; fileRef = ECCE61BE2A10B27A00CE4BE6 /* LaunchScreen.storyboard */; };
		ECCE61C82A10B2E300CE4BE6 /* LoginViewController.swift in Sources */ = {isa = PBXBuildFile; fileRef = ECCE61C72A10B2E300CE4BE6 /* LoginViewController.swift */; };
		ECD107E22A10C79600F82324 /* EnterEmailViewController.swift in Sources */ = {isa = PBXBuildFile; fileRef = ECD107E12A10C79600F82324 /* EnterEmailViewController.swift */; };
/* End PBXBuildFile section */

/* Begin PBXFileReference section */
		33E95B062102ADA9E8EFEDF5 /* Pods_SpotifyLoginSampleApp.framework */ = {isa = PBXFileReference; explicitFileType = wrapper.framework; includeInIndex = 0; path = Pods_SpotifyLoginSampleApp.framework; sourceTree = BUILT_PRODUCTS_DIR; };
		39EA5C8554DF64D2F8D863AC /* Pods-SpotifyLoginSampleApp.release.xcconfig */ = {isa = PBXFileReference; includeInIndex = 1; lastKnownFileType = text.xcconfig; name = "Pods-SpotifyLoginSampleApp.release.xcconfig"; path = "Target Support Files/Pods-SpotifyLoginSampleApp/Pods-SpotifyLoginSampleApp.release.xcconfig"; sourceTree = "<group>"; };
		45FFCF894D8AA51043B532D8 /* Pods-SpotifyLoginSampleApp.debug.xcconfig */ = {isa = PBXFileReference; includeInIndex = 1; lastKnownFileType = text.xcconfig; name = "Pods-SpotifyLoginSampleApp.debug.xcconfig"; path = "Target Support Files/Pods-SpotifyLoginSampleApp/Pods-SpotifyLoginSampleApp.debug.xcconfig"; sourceTree = "<group>"; };
		EC7BAC3C2A10D5BE0086322B /* MainViewController.swift */ = {isa = PBXFileReference; lastKnownFileType = sourcecode.swift; path = MainViewController.swift; sourceTree = "<group>"; };
		EC7BAC3E2A10D7DC0086322B /* GoogleService-Info.plist */ = {isa = PBXFileReference; fileEncoding = 4; lastKnownFileType = text.plist.xml; path = "GoogleService-Info.plist"; sourceTree = "<group>"; };
		ECCE61B02A10B27A00CE4BE6 /* SpotifyLoginSampleApp.app */ = {isa = PBXFileReference; explicitFileType = wrapper.application; includeInIndex = 0; path = SpotifyLoginSampleApp.app; sourceTree = BUILT_PRODUCTS_DIR; };
		ECCE61B32A10B27A00CE4BE6 /* AppDelegate.swift */ = {isa = PBXFileReference; lastKnownFileType = sourcecode.swift; path = AppDelegate.swift; sourceTree = "<group>"; };
		ECCE61B52A10B27A00CE4BE6 /* SceneDelegate.swift */ = {isa = PBXFileReference; lastKnownFileType = sourcecode.swift; path = SceneDelegate.swift; sourceTree = "<group>"; };
		ECCE61BA2A10B27A00CE4BE6 /* Base */ = {isa = PBXFileReference; lastKnownFileType = file.storyboard; name = Base; path = Base.lproj/Main.storyboard; sourceTree = "<group>"; };
		ECCE61BC2A10B27A00CE4BE6 /* Assets.xcassets */ = {isa = PBXFileReference; lastKnownFileType = folder.assetcatalog; path = Assets.xcassets; sourceTree = "<group>"; };
		ECCE61BF2A10B27A00CE4BE6 /* Base */ = {isa = PBXFileReference; lastKnownFileType = file.storyboard; name = Base; path = Base.lproj/LaunchScreen.storyboard; sourceTree = "<group>"; };
		ECCE61C12A10B27A00CE4BE6 /* Info.plist */ = {isa = PBXFileReference; lastKnownFileType = text.plist.xml; path = Info.plist; sourceTree = "<group>"; };
		ECCE61C72A10B2E300CE4BE6 /* LoginViewController.swift */ = {isa = PBXFileReference; lastKnownFileType = sourcecode.swift; path = LoginViewController.swift; sourceTree = "<group>"; };
		ECD107E12A10C79600F82324 /* EnterEmailViewController.swift */ = {isa = PBXFileReference; lastKnownFileType = sourcecode.swift; path = EnterEmailViewController.swift; sourceTree = "<group>"; };
/* End PBXFileReference section */

/* Begin PBXFrameworksBuildPhase section */
		ECCE61AD2A10B27A00CE4BE6 /* Frameworks */ = {
			isa = PBXFrameworksBuildPhase;
			buildActionMask = 2147483647;
			files = (
				CF80B0E0039B377157E16D4A /* Pods_SpotifyLoginSampleApp.framework in Frameworks */,
			);
			runOnlyForDeploymentPostprocessing = 0;
		};
/* End PBXFrameworksBuildPhase section */

/* Begin PBXGroup section */
		3F5D326FA19944F2604BA15A /* Pods */ = {
			isa = PBXGroup;
			children = (
				45FFCF894D8AA51043B532D8 /* Pods-SpotifyLoginSampleApp.debug.xcconfig */,
				39EA5C8554DF64D2F8D863AC /* Pods-SpotifyLoginSampleApp.release.xcconfig */,
			);
			name = Pods;
			path = Pods;
			sourceTree = "<group>";
		};
		EC8E4951B6F4CBDE2CF4D38D /* Frameworks */ = {
			isa = PBXGroup;
			children = (
				33E95B062102ADA9E8EFEDF5 /* Pods_SpotifyLoginSampleApp.framework */,
			);
			name = Frameworks;
			sourceTree = "<group>";
		};
		ECCE61A72A10B27A00CE4BE6 = {
			isa = PBXGroup;
			children = (
				ECCE61B22A10B27A00CE4BE6 /* SpotifyLoginSampleApp */,
				ECCE61B12A10B27A00CE4BE6 /* Products */,
				3F5D326FA19944F2604BA15A /* Pods */,
				EC8E4951B6F4CBDE2CF4D38D /* Frameworks */,
			);
			sourceTree = "<group>";
		};
		ECCE61B12A10B27A00CE4BE6 /* Products */ = {
			isa = PBXGroup;
			children = (
				ECCE61B02A10B27A00CE4BE6 /* SpotifyLoginSampleApp.app */,
			);
			name = Products;
			sourceTree = "<group>";
		};
		ECCE61B22A10B27A00CE4BE6 /* SpotifyLoginSampleApp */ = {
			isa = PBXGroup;
			children = (
				ECCE61B32A10B27A00CE4BE6 /* AppDelegate.swift */,
				ECCE61B52A10B27A00CE4BE6 /* SceneDelegate.swift */,
				ECCE61B92A10B27A00CE4BE6 /* Main.storyboard */,
				ECCE61BC2A10B27A00CE4BE6 /* Assets.xcassets */,
				ECCE61BE2A10B27A00CE4BE6 /* LaunchScreen.storyboard */,
				ECCE61C12A10B27A00CE4BE6 /* Info.plist */,
				EC7BAC3E2A10D7DC0086322B /* GoogleService-Info.plist */,
				ECCE61C72A10B2E300CE4BE6 /* LoginViewController.swift */,
				ECD107E12A10C79600F82324 /* EnterEmailViewController.swift */,
				EC7BAC3C2A10D5BE0086322B /* MainViewController.swift */,
			);
			path = SpotifyLoginSampleApp;
			sourceTree = "<group>";
		};
/* End PBXGroup section */

/* Begin PBXNativeTarget section */
		ECCE61AF2A10B27A00CE4BE6 /* SpotifyLoginSampleApp */ = {
			isa = PBXNativeTarget;
			buildConfigurationList = ECCE61C42A10B27A00CE4BE6 /* Build configuration list for PBXNativeTarget "SpotifyLoginSampleApp" */;
			buildPhases = (
				918F057A9AAD83E96366C551 /* [CP] Check Pods Manifest.lock */,
				ECCE61AC2A10B27A00CE4BE6 /* Sources */,
				ECCE61AD2A10B27A00CE4BE6 /* Frameworks */,
				ECCE61AE2A10B27A00CE4BE6 /* Resources */,
				6B93D68EEFAD5560850A9F0D /* [CP] Embed Pods Frameworks */,
			);
			buildRules = (
			);
			dependencies = (
			);
			name = SpotifyLoginSampleApp;
			productName = SpotifyLoginSampleApp;
			productReference = ECCE61B02A10B27A00CE4BE6 /* SpotifyLoginSampleApp.app */;
			productType = "com.apple.product-type.application";
		};
/* End PBXNativeTarget section */

/* Begin PBXProject section */
		ECCE61A82A10B27A00CE4BE6 /* Project object */ = {
			isa = PBXProject;
			attributes = {
				BuildIndependentTargetsInParallel = 1;
				LastSwiftUpdateCheck = 1430;
				LastUpgradeCheck = 1430;
				TargetAttributes = {
					ECCE61AF2A10B27A00CE4BE6 = {
						CreatedOnToolsVersion = 14.3;
					};
				};
			};
			buildConfigurationList = ECCE61AB2A10B27A00CE4BE6 /* Build configuration list for PBXProject "SpotifyLoginSampleApp" */;
			compatibilityVersion = "Xcode 14.0";
			developmentRegion = en;
			hasScannedForEncodings = 0;
			knownRegions = (
				en,
				Base,
			);
			mainGroup = ECCE61A72A10B27A00CE4BE6;
			productRefGroup = ECCE61B12A10B27A00CE4BE6 /* Products */;
			projectDirPath = "";
			projectRoot = "";
			targets = (
				ECCE61AF2A10B27A00CE4BE6 /* SpotifyLoginSampleApp */,
			);
		};
/* End PBXProject section */

/* Begin PBXResourcesBuildPhase section */
		ECCE61AE2A10B27A00CE4BE6 /* Resources */ = {
			isa = PBXResourcesBuildPhase;
			buildActionMask = 2147483647;
			files = (
				ECCE61C02A10B27A00CE4BE6 /* LaunchScreen.storyboard in Resources */,
				EC7BAC3F2A10D7DC0086322B /* GoogleService-Info.plist in Resources */,
				ECCE61BD2A10B27A00CE4BE6 /* Assets.xcassets in Resources */,
				ECCE61BB2A10B27A00CE4BE6 /* Main.storyboard in Resources */,
			);
			runOnlyForDeploymentPostprocessing = 0;
		};
/* End PBXResourcesBuildPhase section */

/* Begin PBXShellScriptBuildPhase section */
		6B93D68EEFAD5560850A9F0D /* [CP] Embed Pods Frameworks */ = {
			isa = PBXShellScriptBuildPhase;
			buildActionMask = 2147483647;
			files = (
			);
			inputFileListPaths = (
				"${PODS_ROOT}/Target Support Files/Pods-SpotifyLoginSampleApp/Pods-SpotifyLoginSampleApp-frameworks-${CONFIGURATION}-input-files.xcfilelist",
			);
			name = "[CP] Embed Pods Frameworks";
			outputFileListPaths = (
				"${PODS_ROOT}/Target Support Files/Pods-SpotifyLoginSampleApp/Pods-SpotifyLoginSampleApp-frameworks-${CONFIGURATION}-output-files.xcfilelist",
			);
			runOnlyForDeploymentPostprocessing = 0;
			shellPath = /bin/sh;
			shellScript = "\"${PODS_ROOT}/Target Support Files/Pods-SpotifyLoginSampleApp/Pods-SpotifyLoginSampleApp-frameworks.sh\"\n";
			showEnvVarsInLog = 0;
		};
		918F057A9AAD83E96366C551 /* [CP] Check Pods Manifest.lock */ = {
			isa = PBXShellScriptBuildPhase;
			buildActionMask = 2147483647;
			files = (
			);
			inputFileListPaths = (
			);
			inputPaths = (
				"${PODS_PODFILE_DIR_PATH}/Podfile.lock",
				"${PODS_ROOT}/Manifest.lock",
			);
			name = "[CP] Check Pods Manifest.lock";
			outputFileListPaths = (
			);
			outputPaths = (
				"$(DERIVED_FILE_DIR)/Pods-SpotifyLoginSampleApp-checkManifestLockResult.txt",
			);
			runOnlyForDeploymentPostprocessing = 0;
			shellPath = /bin/sh;
			shellScript = "diff \"${PODS_PODFILE_DIR_PATH}/Podfile.lock\" \"${PODS_ROOT}/Manifest.lock\" > /dev/null\nif [ $? != 0 ] ; then\n    # print error to STDERR\n    echo \"error: The sandbox is not in sync with the Podfile.lock. Run 'pod install' or update your CocoaPods installation.\" >&2\n    exit 1\nfi\n# This output is used by Xcode 'outputs' to avoid re-running this script phase.\necho \"SUCCESS\" > \"${SCRIPT_OUTPUT_FILE_0}\"\n";
			showEnvVarsInLog = 0;
		};
/* End PBXShellScriptBuildPhase section */

/* Begin PBXSourcesBuildPhase section */
		ECCE61AC2A10B27A00CE4BE6 /* Sources */ = {
			isa = PBXSourcesBuildPhase;
			buildActionMask = 2147483647;
			files = (
				ECCE61C82A10B2E300CE4BE6 /* LoginViewController.swift in Sources */,
				ECCE61B42A10B27A00CE4BE6 /* AppDelegate.swift in Sources */,
				ECD107E22A10C79600F82324 /* EnterEmailViewController.swift in Sources */,
				ECCE61B62A10B27A00CE4BE6 /* SceneDelegate.swift in Sources */,
				EC7BAC3D2A10D5BE0086322B /* MainViewController.swift in Sources */,
			);
			runOnlyForDeploymentPostprocessing = 0;
		};
/* End PBXSourcesBuildPhase section */

/* Begin PBXVariantGroup section */
		ECCE61B92A10B27A00CE4BE6 /* Main.storyboard */ = {
			isa = PBXVariantGroup;
			children = (
				ECCE61BA2A10B27A00CE4BE6 /* Base */,
			);
			name = Main.storyboard;
			sourceTree = "<group>";
		};
		ECCE61BE2A10B27A00CE4BE6 /* LaunchScreen.storyboard */ = {
			isa = PBXVariantGroup;
			children = (
				ECCE61BF2A10B27A00CE4BE6 /* Base */,
			);
			name = LaunchScreen.storyboard;
			sourceTree = "<group>";
		};
/* End PBXVariantGroup section */

/* Begin XCBuildConfiguration section */
		ECCE61C22A10B27A00CE4BE6 /* Debug */ = {
			isa = XCBuildConfiguration;
			buildSettings = {
				ALWAYS_SEARCH_USER_PATHS = NO;
				CLANG_ANALYZER_NONNULL = YES;
				CLANG_ANALYZER_NUMBER_OBJECT_CONVERSION = YES_AGGRESSIVE;
				CLANG_CXX_LANGUAGE_STANDARD = "gnu++20";
				CLANG_ENABLE_MODULES = YES;
				CLANG_ENABLE_OBJC_ARC = YES;
				CLANG_ENABLE_OBJC_WEAK = YES;
				CLANG_WARN_BLOCK_CAPTURE_AUTORELEASING = YES;
				CLANG_WARN_BOOL_CONVERSION = YES;
				CLANG_WARN_COMMA = YES;
				CLANG_WARN_CONSTANT_CONVERSION = YES;
				CLANG_WARN_DEPRECATED_OBJC_IMPLEMENTATIONS = YES;
				CLANG_WARN_DIRECT_OBJC_ISA_USAGE = YES_ERROR;
				CLANG_WARN_DOCUMENTATION_COMMENTS = YES;
				CLANG_WARN_EMPTY_BODY = YES;
				CLANG_WARN_ENUM_CONVERSION = YES;
				CLANG_WARN_INFINITE_RECURSION = YES;
				CLANG_WARN_INT_CONVERSION = YES;
				CLANG_WARN_NON_LITERAL_NULL_CONVERSION = YES;
				CLANG_WARN_OBJC_IMPLICIT_RETAIN_SELF = YES;
				CLANG_WARN_OBJC_LITERAL_CONVERSION = YES;
				CLANG_WARN_OBJC_ROOT_CLASS = YES_ERROR;
				CLANG_WARN_QUOTED_INCLUDE_IN_FRAMEWORK_HEADER = YES;
				CLANG_WARN_RANGE_LOOP_ANALYSIS = YES;
				CLANG_WARN_STRICT_PROTOTYPES = YES;
				CLANG_WARN_SUSPICIOUS_MOVE = YES;
				CLANG_WARN_UNGUARDED_AVAILABILITY = YES_AGGRESSIVE;
				CLANG_WARN_UNREACHABLE_CODE = YES;
				CLANG_WARN__DUPLICATE_METHOD_MATCH = YES;
				COPY_PHASE_STRIP = NO;
				DEBUG_INFORMATION_FORMAT = dwarf;
				ENABLE_STRICT_OBJC_MSGSEND = YES;
				ENABLE_TESTABILITY = YES;
				GCC_C_LANGUAGE_STANDARD = gnu11;
				GCC_DYNAMIC_NO_PIC = NO;
				GCC_NO_COMMON_BLOCKS = YES;
				GCC_OPTIMIZATION_LEVEL = 0;
				GCC_PREPROCESSOR_DEFINITIONS = (
					"DEBUG=1",
					"$(inherited)",
				);
				GCC_WARN_64_TO_32_BIT_CONVERSION = YES;
				GCC_WARN_ABOUT_RETURN_TYPE = YES_ERROR;
				GCC_WARN_UNDECLARED_SELECTOR = YES;
				GCC_WARN_UNINITIALIZED_AUTOS = YES_AGGRESSIVE;
				GCC_WARN_UNUSED_FUNCTION = YES;
				GCC_WARN_UNUSED_VARIABLE = YES;
				IPHONEOS_DEPLOYMENT_TARGET = 16.4;
				MTL_ENABLE_DEBUG_INFO = INCLUDE_SOURCE;
				MTL_FAST_MATH = YES;
				ONLY_ACTIVE_ARCH = YES;
				SDKROOT = iphoneos;
				SWIFT_ACTIVE_COMPILATION_CONDITIONS = DEBUG;
				SWIFT_OPTIMIZATION_LEVEL = "-Onone";
			};
			name = Debug;
		};
		ECCE61C32A10B27A00CE4BE6 /* Release */ = {
			isa = XCBuildConfiguration;
			buildSettings = {
				ALWAYS_SEARCH_USER_PATHS = NO;
				CLANG_ANALYZER_NONNULL = YES;
				CLANG_ANALYZER_NUMBER_OBJECT_CONVERSION = YES_AGGRESSIVE;
				CLANG_CXX_LANGUAGE_STANDARD = "gnu++20";
				CLANG_ENABLE_MODULES = YES;
				CLANG_ENABLE_OBJC_ARC = YES;
				CLANG_ENABLE_OBJC_WEAK = YES;
				CLANG_WARN_BLOCK_CAPTURE_AUTORELEASING = YES;
				CLANG_WARN_BOOL_CONVERSION = YES;
				CLANG_WARN_COMMA = YES;
				CLANG_WARN_CONSTANT_CONVERSION = YES;
				CLANG_WARN_DEPRECATED_OBJC_IMPLEMENTATIONS = YES;
				CLANG_WARN_DIRECT_OBJC_ISA_USAGE = YES_ERROR;
				CLANG_WARN_DOCUMENTATION_COMMENTS = YES;
				CLANG_WARN_EMPTY_BODY = YES;
				CLANG_WARN_ENUM_CONVERSION = YES;
				CLANG_WARN_INFINITE_RECURSION = YES;
				CLANG_WARN_INT_CONVERSION = YES;
				CLANG_WARN_NON_LITERAL_NULL_CONVERSION = YES;
				CLANG_WARN_OBJC_IMPLICIT_RETAIN_SELF = YES;
				CLANG_WARN_OBJC_LITERAL_CONVERSION = YES;
				CLANG_WARN_OBJC_ROOT_CLASS = YES_ERROR;
				CLANG_WARN_QUOTED_INCLUDE_IN_FRAMEWORK_HEADER = YES;
				CLANG_WARN_RANGE_LOOP_ANALYSIS = YES;
				CLANG_WARN_STRICT_PROTOTYPES = YES;
				CLANG_WARN_SUSPICIOUS_MOVE = YES;
				CLANG_WARN_UNGUARDED_AVAILABILITY = YES_AGGRESSIVE;
				CLANG_WARN_UNREACHABLE_CODE = YES;
				CLANG_WARN__DUPLICATE_METHOD_MATCH = YES;
				COPY_PHASE_STRIP = NO;
				DEBUG_INFORMATION_FORMAT = "dwarf-with-dsym";
				ENABLE_NS_ASSERTIONS = NO;
				ENABLE_STRICT_OBJC_MSGSEND = YES;
				GCC_C_LANGUAGE_STANDARD = gnu11;
				GCC_NO_COMMON_BLOCKS = YES;
				GCC_WARN_64_TO_32_BIT_CONVERSION = YES;
				GCC_WARN_ABOUT_RETURN_TYPE = YES_ERROR;
				GCC_WARN_UNDECLARED_SELECTOR = YES;
				GCC_WARN_UNINITIALIZED_AUTOS = YES_AGGRESSIVE;
				GCC_WARN_UNUSED_FUNCTION = YES;
				GCC_WARN_UNUSED_VARIABLE = YES;
				IPHONEOS_DEPLOYMENT_TARGET = 16.4;
				MTL_ENABLE_DEBUG_INFO = NO;
				MTL_FAST_MATH = YES;
				SDKROOT = iphoneos;
				SWIFT_COMPILATION_MODE = wholemodule;
				SWIFT_OPTIMIZATION_LEVEL = "-O";
				VALIDATE_PRODUCT = YES;
			};
			name = Release;
		};
		ECCE61C52A10B27A00CE4BE6 /* Debug */ = {
			isa = XCBuildConfiguration;
			baseConfigurationReference = 45FFCF894D8AA51043B532D8 /* Pods-SpotifyLoginSampleApp.debug.xcconfig */;
			buildSettings = {
				ASSETCATALOG_COMPILER_APPICON_NAME = AppIcon;
				ASSETCATALOG_COMPILER_GLOBAL_ACCENT_COLOR_NAME = AccentColor;
				CODE_SIGN_STYLE = Automatic;
				CURRENT_PROJECT_VERSION = 1;
				GENERATE_INFOPLIST_FILE = YES;
				INFOPLIST_FILE = SpotifyLoginSampleApp/Info.plist;
				INFOPLIST_KEY_UIApplicationSupportsIndirectInputEvents = YES;
				INFOPLIST_KEY_UILaunchStoryboardName = LaunchScreen;
				INFOPLIST_KEY_UIMainStoryboardFile = Main;
				INFOPLIST_KEY_UISupportedInterfaceOrientations_iPad = "UIInterfaceOrientationPortrait UIInterfaceOrientationPortraitUpsideDown UIInterfaceOrientationLandscapeLeft UIInterfaceOrientationLandscapeRight";
				INFOPLIST_KEY_UISupportedInterfaceOrientations_iPhone = "UIInterfaceOrientationPortrait UIInterfaceOrientationLandscapeLeft UIInterfaceOrientationLandscapeRight";
				LD_RUNPATH_SEARCH_PATHS = (
					"$(inherited)",
					"@executable_path/Frameworks",
				);
				MARKETING_VERSION = 1.0;
				PRODUCT_BUNDLE_IDENTIFIER = com.jinan.study.SpotifyLoginSampleApp;
				PRODUCT_NAME = "$(TARGET_NAME)";
				SWIFT_EMIT_LOC_STRINGS = YES;
				SWIFT_VERSION = 5.0;
				TARGETED_DEVICE_FAMILY = "1,2";
			};
			name = Debug;
		};
		ECCE61C62A10B27A00CE4BE6 /* Release */ = {
			isa = XCBuildConfiguration;
			baseConfigurationReference = 39EA5C8554DF64D2F8D863AC /* Pods-SpotifyLoginSampleApp.release.xcconfig */;
			buildSettings = {
				ASSETCATALOG_COMPILER_APPICON_NAME = AppIcon;
				ASSETCATALOG_COMPILER_GLOBAL_ACCENT_COLOR_NAME = AccentColor;
				CODE_SIGN_STYLE = Automatic;
				CURRENT_PROJECT_VERSION = 1;
				GENERATE_INFOPLIST_FILE = YES;
				INFOPLIST_FILE = SpotifyLoginSampleApp/Info.plist;
				INFOPLIST_KEY_UIApplicationSupportsIndirectInputEvents = YES;
				INFOPLIST_KEY_UILaunchStoryboardName = LaunchScreen;
				INFOPLIST_KEY_UIMainStoryboardFile = Main;
				INFOPLIST_KEY_UISupportedInterfaceOrientations_iPad = "UIInterfaceOrientationPortrait UIInterfaceOrientationPortraitUpsideDown UIInterfaceOrientationLandscapeLeft UIInterfaceOrientationLandscapeRight";
				INFOPLIST_KEY_UISupportedInterfaceOrientations_iPhone = "UIInterfaceOrientationPortrait UIInterfaceOrientationLandscapeLeft UIInterfaceOrientationLandscapeRight";
				LD_RUNPATH_SEARCH_PATHS = (
					"$(inherited)",
					"@executable_path/Frameworks",
				);
				MARKETING_VERSION = 1.0;
				PRODUCT_BUNDLE_IDENTIFIER = com.jinan.study.SpotifyLoginSampleApp;
				PRODUCT_NAME = "$(TARGET_NAME)";
				SWIFT_EMIT_LOC_STRINGS = YES;
				SWIFT_VERSION = 5.0;
				TARGETED_DEVICE_FAMILY = "1,2";
			};
			name = Release;
		};
/* End XCBuildConfiguration section */

/* Begin XCConfigurationList section */
		ECCE61AB2A10B27A00CE4BE6 /* Build configuration list for PBXProject "SpotifyLoginSampleApp" */ = {
			isa = XCConfigurationList;
			buildConfigurations = (
				ECCE61C22A10B27A00CE4BE6 /* Debug */,
				ECCE61C32A10B27A00CE4BE6 /* Release */,
			);
			defaultConfigurationIsVisible = 0;
			defaultConfigurationName = Release;
		};
		ECCE61C42A10B27A00CE4BE6 /* Build configuration list for PBXNativeTarget "SpotifyLoginSampleApp" */ = {
			isa = XCConfigurationList;
			buildConfigurations = (
				ECCE61C52A10B27A00CE4BE6 /* Debug */,
				ECCE61C62A10B27A00CE4BE6 /* Release */,
			);
			defaultConfigurationIsVisible = 0;
			defaultConfigurationName = Release;
		};
/* End XCConfigurationList section */
	};
	rootObject = ECCE61A82A10B27A00CE4BE6 /* Project object */;
}
